
Microsoft Visual Studio Solution File, Format Version 12.00
# Visual Studio Version 16
VisualStudioVersion = 16.0.33027.164
MinimumVisualStudioVersion = 10.0.40219.1
Project("{FAE04EC0-301F-11D3-BF4B-00C04F79EFBC}") = "MvcMovie", "MvcMovie\MvcMovie.csproj", "{331C5A52-9D6A-43E3-B0F1-C1447E6EC7E5}"
EndProject
Global
	GlobalSection(SolutionConfigurationPlatforms) = preSolution
		Debug|Any CPU = Debug|Any CPU
		Release|Any CPU = Release|Any CPU
	EndGlobalSection
	GlobalSection(ProjectConfigurationPlatforms) = postSolution
		{331C5A52-9D6A-43E3-B0F1-C1447E6EC7E5}.Debug|Any CPU.ActiveCfg = Debug|Any CPU
		{331C5A52-9D6A-43E3-B0F1-C1447E6EC7E5}.Debug|Any CPU.Build.0 = Debug|Any CPU
		{331C5A52-9D6A-43E3-B0F1-C1447E6EC7E5}.Release|Any CPU.ActiveCfg = Release|Any CPU
		{331C5A52-9D6A-43E3-B0F1-C1447E6EC7E5}.Release|Any CPU.Build.0 = Release|Any CPU
	EndGlobalSection
	GlobalSection(SolutionProperties) = preSolution
		HideSolutionNode = FALSE
	EndGlobalSection
	GlobalSection(ExtensibilityGlobals) = postSolution
		SolutionGuid = {4AC8D662-FF92-448E-B39D-AE1C76850074}
	EndGlobalSection
EndGlobal
